Microsoft Visual Studio Solution File, Format Version 12.00
# Visual Studio Version 17
VisualStudioVersion = 17.5.2.0
MinimumVisualStudioVersion = 10.0.40219.1
Project("{FAE04EC0-301F-11D3-BF4B-00C04F79EFBC}") = "blazelogBase.Shared", "blazelogBase.Shared.csproj", "{2D62701D-1F12-01D5-17B1-9D177C60D0CD}"
EndProject
Global
	GlobalSection(SolutionConfigurationPlatforms) = preSolution
		Debug|Any CPU = Debug|Any CPU
		Release|Any CPU = Release|Any CPU
	EndGlobalSection
	GlobalSection(ProjectConfigurationPlatforms) = postSolution
		{2D62701D-1F12-01D5-17B1-9D177C60D0CD}.Debug|Any CPU.ActiveCfg = Debug|Any CPU
		{2D62701D-1F12-01D5-17B1-9D177C60D0CD}.Debug|Any CPU.Build.0 = Debug|Any CPU
		{2D62701D-1F12-01D5-17B1-9D177C60D0CD}.Release|Any CPU.ActiveCfg = Release|Any CPU
		{2D62701D-1F12-01D5-17B1-9D177C60D0CD}.Release|Any CPU.Build.0 = Release|Any CPU
	EndGlobalSection
	GlobalSection(SolutionProperties) = preSolution
		HideSolutionNode = FALSE
	EndGlobalSection
	GlobalSection(ExtensibilityGlobals) = postSolution
		SolutionGuid = {48C51C94-CBBB-4693-AAA6-E973571F8CFB}
	EndGlobalSection
EndGlobal
